// !$*UTF8*$!
{
	archiveVersion = 1;
	classes = {
	};
	objectVersion = 46;
	objects = {

/* Begin PBXBuildFile section */
		39D41E891B688F9E00034A50 /* AppDelegate.swift in Sources */ = {isa = PBXBuildFile; fileRef = 39D41E881B688F9E00034A50 /* AppDelegate.swift */; };
		39D41E8B1B688F9E00034A50 /* ViewController.swift in Sources */ = {isa = PBXBuildFile; fileRef = 39D41E8A1B688F9E00034A50 /* ViewController.swift */; };
		39D41E8E1B688F9E00034A50 /* Main.storyboard in Resources */ = {isa = PBXBuildFile; fileRef = 39D41E8C1B688F9E00034A50 /* Main.storyboard */; };
		39D41E901B688F9E00034A50 /* Images.xcassets in Resources */ = {isa = PBXBuildFile; fileRef = 39D41E8F1B688F9E00034A50 /* Images.xcassets */; };
		39D41E931B688F9E00034A50 /* LaunchScreen.xib in Resources */ = {isa = PBXBuildFile; fileRef = 39D41E911B688F9E00034A50 /* LaunchScreen.xib */; };
		39D41E9F1B688F9E00034A50 /* TipCalculatorTests.swift in Sources */ = {isa = PBXBuildFile; fileRef = 39D41E9E1B688F9E00034A50 /* TipCalculatorTests.swift */; };
		39D41EA91B69C62900034A50 /* TipCalculator.swift in Sources */ = {isa = PBXBuildFile; fileRef = 39D41EA81B69C62900034A50 /* TipCalculator.swift */; };
		39D41EAB1B69DCD700034A50 /* SettingsTableViewController.swift in Sources */ = {isa = PBXBuildFile; fileRef = 39D41EAA1B69DCD700034A50 /* SettingsTableViewController.swift */; };
/* End PBXBuildFile section */

/* Begin PBXContainerItemProxy section */
		39D41E991B688F9E00034A50 /* PBXContainerItemProxy */ = {
			isa = PBXContainerItemProxy;
			containerPortal = 39D41E7B1B688F9E00034A50 /* Project object */;
			proxyType = 1;
			remoteGlobalIDString = 39D41E821B688F9E00034A50;
			remoteInfo = TipCalculator;
		};
/* End PBXContainerItemProxy section */

/* Begin PBXFileReference section */
		39D41E831B688F9E00034A50 /* TipCalculator.app */ = {isa = PBXFileReference; explicitFileType = wrapper.application; includeInIndex = 0; path = TipCalculator.app; sourceTree = BUILT_PRODUCTS_DIR; };
		39D41E871B688F9E00034A50 /* Info.plist */ = {isa = PBXFileReference; lastKnownFileType = text.plist.xml; path = Info.plist; sourceTree = "<group>"; };
		39D41E881B688F9E00034A50 /* AppDelegate.swift */ = {isa = PBXFileReference; lastKnownFileType = sourcecode.swift; path = AppDelegate.swift; sourceTree = "<group>"; };
		39D41E8A1B688F9E00034A50 /* ViewController.swift */ = {isa = PBXFileReference; lastKnownFileType = sourcecode.swift; path = ViewController.swift; sourceTree = "<group>"; };
		39D41E8D1B688F9E00034A50 /* Base */ = {isa = PBXFileReference; lastKnownFileType = file.storyboard; name = Base; path = Base.lproj/Main.storyboard; sourceTree = "<group>"; };
		39D41E8F1B688F9E00034A50 /* Images.xcassets */ = {isa = PBXFileReference; lastKnownFileType = folder.assetcatalog; path = Images.xcassets; sourceTree = "<group>"; };
		39D41E921B688F9E00034A50 /* Base */ = {isa = PBXFileReference; lastKnownFileType = file.xib; name = Base; path = Base.lproj/LaunchScreen.xib; sourceTree = "<group>"; };
		39D41E981B688F9E00034A50 /* TipCalculatorTests.xctest */ = {isa = PBXFileReference; explicitFileType = wrapper.cfbundle; includeInIndex = 0; path = TipCalculatorTests.xctest; sourceTree = BUILT_PRODUCTS_DIR; };
		39D41E9D1B688F9E00034A50 /* Info.plist */ = {isa = PBXFileReference; lastKnownFileType = text.plist.xml; path = Info.plist; sourceTree = "<group>"; };
		39D41E9E1B688F9E00034A50 /* TipCalculatorTests.swift */ = {isa = PBXFileReference; lastKnownFileType = sourcecode.swift; path = TipCalculatorTests.swift; sourceTree = "<group>"; };
		39D41EA81B69C62900034A50 /* TipCalculator.swift */ = {isa = PBXFileReference; fileEncoding = 4; lastKnownFileType = sourcecode.swift; path = TipCalculator.swift; sourceTree = "<group>"; };
		39D41EAA1B69DCD700034A50 /* SettingsTableViewController.swift */ = {isa = PBXFileReference; fileEncoding = 4; lastKnownFileType = sourcecode.swift; path = SettingsTableViewController.swift; sourceTree = "<group>"; };
/* End PBXFileReference section */

/* Begin PBXFrameworksBuildPhase section */
		39D41E801B688F9E00034A50 /* Frameworks */ = {
			isa = PBXFrameworksBuildPhase;
			buildActionMask = 2147483647;
			files = (
			);
			runOnlyForDeploymentPostprocessing = 0;
		};
		39D41E951B688F9E00034A50 /* Frameworks */ = {
			isa = PBXFrameworksBuildPhase;
			buildActionMask = 2147483647;
			files = (
			);
			runOnlyForDeploymentPostprocessing = 0;
		};
/* End PBXFrameworksBuildPhase section */

/* Begin PBXGroup section */
		39D41E7A1B688F9E00034A50 = {
			isa = PBXGroup;
			children = (
				39D41E851B688F9E00034A50 /* TipCalculator */,
				39D41E9B1B688F9E00034A50 /* TipCalculatorTests */,
				39D41E841B688F9E00034A50 /* Products */,
			);
			sourceTree = "<group>";
		};
		39D41E841B688F9E00034A50 /* Products */ = {
			isa = PBXGroup;
			children = (
				39D41E831B688F9E00034A50 /* TipCalculator.app */,
				39D41E981B688F9E00034A50 /* TipCalculatorTests.xctest */,
			);
			name = Products;
			sourceTree = "<group>";
		};
		39D41E851B688F9E00034A50 /* TipCalculator */ = {
			isa = PBXGroup;
			children = (
				39D41E881B688F9E00034A50 /* AppDelegate.swift */,
				39D41E8A1B688F9E00034A50 /* ViewController.swift */,
				39D41EA81B69C62900034A50 /* TipCalculator.swift */,
				39D41E8C1B688F9E00034A50 /* Main.storyboard */,
				39D41EAA1B69DCD700034A50 /* SettingsTableViewController.swift */,
				39D41E8F1B688F9E00034A50 /* Images.xcassets */,
				39D41E911B688F9E00034A50 /* LaunchScreen.xib */,
				39D41E861B688F9E00034A50 /* Supporting Files */,
			);
			path = TipCalculator;
			sourceTree = "<group>";
		};
		39D41E861B688F9E00034A50 /* Supporting Files */ = {
			isa = PBXGroup;
			children = (
				39D41E871B688F9E00034A50 /* Info.plist */,
			);
			name = "Supporting Files";
			sourceTree = "<group>";
		};
		39D41E9B1B688F9E00034A50 /* TipCalculatorTests */ = {
			isa = PBXGroup;
			children = (
				39D41E9E1B688F9E00034A50 /* TipCalculatorTests.swift */,
				39D41E9C1B688F9E00034A50 /* Supporting Files */,
			);
			path = TipCalculatorTests;
			sourceTree = "<group>";
		};
		39D41E9C1B688F9E00034A50 /* Supporting Files */ = {
			isa = PBXGroup;
			children = (
				39D41E9D1B688F9E00034A50 /* Info.plist */,
			);
			name = "Supporting Files";
			sourceTree = "<group>";
		};
/* End PBXGroup section */

/* Begin PBXNativeTarget section */
		39D41E821B688F9E00034A50 /* TipCalculator */ = {
			isa = PBXNativeTarget;
			buildConfigurationList = 39D41EA21B688F9E00034A50 /* Build configuration list for PBXNativeTarget "TipCalculator" */;
			buildPhases = (
				39D41E7F1B688F9E00034A50 /* Sources */,
				39D41E801B688F9E00034A50 /* Frameworks */,
				39D41E811B688F9E00034A50 /* Resources */,
			);
			buildRules = (
			);
			dependencies = (
			);
			name = TipCalculator;
			productName = TipCalculator;
			productReference = 39D41E831B688F9E00034A50 /* TipCalculator.app */;
			productType = "com.apple.product-type.application";
		};
		39D41E971B688F9E00034A50 /* TipCalculatorTests */ = {
			isa = PBXNativeTarget;
			buildConfigurationList = 39D41EA51B688F9E00034A50 /* Build configuration list for PBXNativeTarget "TipCalculatorTests" */;
			buildPhases = (
				39D41E941B688F9E00034A50 /* Sources */,
				39D41E951B688F9E00034A50 /* Frameworks */,
				39D41E961B688F9E00034A50 /* Resources */,
			);
			buildRules = (
			);
			dependencies = (
				39D41E9A1B688F9E00034A50 /* PBXTargetDependency */,
			);
			name = TipCalculatorTests;
			productName = TipCalculatorTests;
			productReference = 39D41E981B688F9E00034A50 /* TipCalculatorTests.xctest */;
			productType = "com.apple.product-type.bundle.unit-test";
		};
/* End PBXNativeTarget section */

/* Begin PBXProject section */
		39D41E7B1B688F9E00034A50 /* Project object */ = {
			isa = PBXProject;
			attributes = {
				LastUpgradeCheck = 0630;
				ORGANIZATIONNAME = "Experiences Evolved";
				TargetAttributes = {
					39D41E821B688F9E00034A50 = {
						CreatedOnToolsVersion = 6.3.2;
					};
					39D41E971B688F9E00034A50 = {
						CreatedOnToolsVersion = 6.3.2;
						TestTargetID = 39D41E821B688F9E00034A50;
					};
				};
			};
			buildConfigurationList = 39D41E7E1B688F9E00034A50 /* Build configuration list for PBXProject "TipCalculator" */;
			compatibilityVersion = "Xcode 3.2";
			developmentRegion = English;
			hasScannedForEncodings = 0;
			knownRegions = (
				en,
				Base,
			);
			mainGroup = 39D41E7A1B688F9E00034A50;
			productRefGroup = 39D41E841B688F9E00034A50 /* Products */;
			projectDirPath = "";
			projectRoot = "";
			targets = (
				39D41E821B688F9E00034A50 /* TipCalculator */,
				39D41E971B688F9E00034A50 /* TipCalculatorTests */,
			);
		};
/* End PBXProject section */

/* Begin PBXResourcesBuildPhase section */
		39D41E811B688F9E00034A50 /* Resources */ = {
			isa = PBXResourcesBuildPhase;
			buildActionMask = 2147483647;
			files = (
				39D41E8E1B688F9E00034A50 /* Main.storyboard in Resources */,
				39D41E931B688F9E00034A50 /* LaunchScreen.xib in Resources */,
				39D41E901B688F9E00034A50 /* Images.xcassets in Resources */,
			);
			runOnlyForDeploymentPostprocessing = 0;
		};
		39D41E961B688F9E00034A50 /* Resources */ = {
			isa = PBXResourcesBuildPhase;
			buildActionMask = 2147483647;
			files = (
			);
			runOnlyForDeploymentPostprocessing = 0;
		};
/* End PBXResourcesBuildPhase section */

/* Begin PBXSourcesBuildPhase section */
		39D41E7F1B688F9E00034A50 /* Sources */ = {
			isa = PBXSourcesBuildPhase;
			buildActionMask = 2147483647;
			files = (
				39D41EAB1B69DCD700034A50 /* SettingsTableViewController.swift in Sources */,
				39D41EA91B69C62900034A50 /* TipCalculator.swift in Sources */,
				39D41E8B1B688F9E00034A50 /* ViewController.swift in Sources */,
				39D41E891B688F9E00034A50 /* AppDelegate.swift in Sources */,
			);
			runOnlyForDeploymentPostprocessing = 0;
		};
		39D41E941B688F9E00034A50 /* Sources */ = {
			isa = PBXSourcesBuildPhase;
			buildActionMask = 2147483647;
			files = (
				39D41E9F1B688F9E00034A50 /* TipCalculatorTests.swift in Sources */,
			);
			runOnlyForDeploymentPostprocessing = 0;
		};
/* End PBXSourcesBuildPhase section */

/* Begin PBXTargetDependency section */
		39D41E9A1B688F9E00034A50 /* PBXTargetDependency */ = {
			isa = PBXTargetDependency;
			target = 39D41E821B688F9E00034A50 /* TipCalculator */;
			targetProxy = 39D41E991B688F9E00034A50 /* PBXContainerItemProxy */;
		};
/* End PBXTargetDependency section */

/* Begin PBXVariantGroup section */
		39D41E8C1B688F9E00034A50 /* Main.storyboard */ = {
			isa = PBXVariantGroup;
			children = (
				39D41E8D1B688F9E00034A50 /* Base */,
			);
			name = Main.storyboard;
			sourceTree = "<group>";
		};
		39D41E911B688F9E00034A50 /* LaunchScreen.xib */ = {
			isa = PBXVariantGroup;
			children = (
				39D41E921B688F9E00034A50 /* Base */,
			);
			name = LaunchScreen.xib;
			sourceTree = "<group>";
		};
/* End PBXVariantGroup section */

/* Begin XCBuildConfiguration section */
		39D41EA01B688F9E00034A50 /* Debug */ = {
			isa = XCBuildConfiguration;
			buildSettings = {
				ALWAYS_SEARCH_USER_PATHS = NO;
				CLANG_CXX_LANGUAGE_STANDARD = "gnu++0x";
				CLANG_CXX_LIBRARY = "libc++";
				CLANG_ENABLE_MODULES = YES;
				CLANG_ENABLE_OBJC_ARC = YES;
				CLANG_WARN_BOOL_CONVERSION = YES;
				CLANG_WARN_CONSTANT_CONVERSION = YES;
				CLANG_WARN_DIRECT_OBJC_ISA_USAGE = YES_ERROR;
				CLANG_WARN_EMPTY_BODY = YES;
				CLANG_WARN_ENUM_CONVERSION = YES;
				CLANG_WARN_INT_CONVERSION = YES;
				CLANG_WARN_OBJC_ROOT_CLASS = YES_ERROR;
				CLANG_WARN_UNREACHABLE_CODE = YES;
				CLANG_WARN__DUPLICATE_METHOD_MATCH = YES;
				"CODE_SIGN_IDENTITY[sdk=iphoneos*]" = "iPhone Developer";
				COPY_PHASE_STRIP = NO;
				DEBUG_INFORMATION_FORMAT = "dwarf-with-dsym";
				ENABLE_STRICT_OBJC_MSGSEND = YES;
				GCC_C_LANGUAGE_STANDARD = gnu99;
				GCC_DYNAMIC_NO_PIC = NO;
				GCC_NO_COMMON_BLOCKS = YES;
				GCC_OPTIMIZATION_LEVEL = 0;
				GCC_PREPROCESSOR_DEFINITIONS = (
					"DEBUG=1",
					"$(inherited)",
				);
				GCC_SYMBOLS_PRIVATE_EXTERN = NO;
				GCC_WARN_64_TO_32_BIT_CONVERSION = YES;
				GCC_WARN_ABOUT_RETURN_TYPE = YES_ERROR;
				GCC_WARN_UNDECLARED_SELECTOR = YES;
				GCC_WARN_UNINITIALIZED_AUTOS = YES_AGGRESSIVE;
				GCC_WARN_UNUSED_FUNCTION = YES;
				GCC_WARN_UNUSED_VARIABLE = YES;
				IPHONEOS_DEPLOYMENT_TARGET = 8.3;
				MTL_ENABLE_DEBUG_INFO = YES;
				ONLY_ACTIVE_ARCH = YES;
				SDKROOT = iphoneos;
				SWIFT_OPTIMIZATION_LEVEL = "-Onone";
				TARGETED_DEVICE_FAMILY = "1,2";
			};
			name = Debug;
		};
		39D41EA11B688F9E00034A50 /* Release */ = {
			isa = XCBuildConfiguration;
			buildSettings = {
				ALWAYS_SEARCH_USER_PATHS = NO;
				CLANG_CXX_LANGUAGE_STANDARD = "gnu++0x";
				CLANG_CXX_LIBRARY = "libc++";
				CLANG_ENABLE_MODULES = YES;
				CLANG_ENABLE_OBJC_ARC = YES;
				CLANG_WARN_BOOL_CONVERSION = YES;
				CLANG_WARN_CONSTANT_CONVERSION = YES;
				CLANG_WARN_DIRECT_OBJC_ISA_USAGE = YES_ERROR;
				CLANG_WARN_EMPTY_BODY = YES;
				CLANG_WARN_ENUM_CONVERSION = YES;
				CLANG_WARN_INT_CONVERSION = YES;
				CLANG_WARN_OBJC_ROOT_CLASS = YES_ERROR;
				CLANG_WARN_UNREACHABLE_CODE = YES;
				CLANG_WARN__DUPLICATE_METHOD_MATCH = YES;
				"CODE_SIGN_IDENTITY[sdk=iphoneos*]" = "iPhone Developer";
				COPY_PHASE_STRIP = NO;
				DEBUG_INFORMATION_FORMAT = "dwarf-with-dsym";
				ENABLE_NS_ASSERTIONS = NO;
				ENABLE_STRICT_OBJC_MSGSEND = YES;
				GCC_C_LANGUAGE_STANDARD = gnu99;
				GCC_NO_COMMON_BLOCKS = YES;
				GCC_WARN_64_TO_32_BIT_CONVERSION = YES;
				GCC_WARN_ABOUT_RETURN_TYPE = YES_ERROR;
				GCC_WARN_UNDECLARED_SELECTOR = YES;
				GCC_WARN_UNINITIALIZED_AUTOS = YES_AGGRESSIVE;
				GCC_WARN_UNUSED_FUNCTION = YES;
				GCC_WARN_UNUSED_VARIABLE = YES;
				IPHONEOS_DEPLOYMENT_TARGET = 8.3;
				MTL_ENABLE_DEBUG_INFO = NO;
				SDKROOT = iphoneos;
				TARGETED_DEVICE_FAMILY = "1,2";
				VALIDATE_PRODUCT = YES;
			};
			name = Release;
		};
		39D41EA31B688F9E00034A50 /* Debug */ = {
			isa = XCBuildConfiguration;
			buildSettings = {
				ASSETCATALOG_COMPILER_APPICON_NAME = AppIcon;
				INFOPLIST_FILE = TipCalculator/Info.plist;
				LD_RUNPATH_SEARCH_PATHS = "$(inherited) @executable_path/Frameworks";
				PRODUCT_NAME = "$(TARGET_NAME)";
			};
			name = Debug;
		};
		39D41EA41B688F9E00034A50 /* Release */ = {
			isa = XCBuildConfiguration;
			buildSettings = {
				ASSETCATALOG_COMPILER_APPICON_NAME = AppIcon;
				INFOPLIST_FILE = TipCalculator/Info.plist;
				LD_RUNPATH_SEARCH_PATHS = "$(inherited) @executable_path/Frameworks";
				PRODUCT_NAME = "$(TARGET_NAME)";
			};
			name = Release;
		};
		39D41EA61B688F9E00034A50 /* Debug */ = {
			isa = XCBuildConfiguration;
			buildSettings = {
				BUNDLE_LOADER = "$(TEST_HOST)";
				FRAMEWORK_SEARCH_PATHS = (
					"$(SDKROOT)/Developer/Library/Frameworks",
					"$(inherited)",
				);
				GCC_PREPROCESSOR_DEFINITIONS = (
					"DEBUG=1",
					"$(inherited)",
				);
				INFOPLIST_FILE = TipCalculatorTests/Info.plist;
				LD_RUNPATH_SEARCH_PATHS = "$(inherited) @executable_path/Frameworks @loader_path/Frameworks";
				PRODUCT_NAME = "$(TARGET_NAME)";
				TEST_HOST = "$(BUILT_PRODUCTS_DIR)/TipCalculator.app/TipCalculator";
			};
			name = Debug;
		};
		39D41EA71B688F9E00034A50 /* Release */ = {
			isa = XCBuildConfiguration;
			buildSettings = {
				BUNDLE_LOADER = "$(TEST_HOST)";
				FRAMEWORK_SEARCH_PATHS = (
					"$(SDKROOT)/Developer/Library/Frameworks",
					"$(inherited)",
				);
				INFOPLIST_FILE = TipCalculatorTests/Info.plist;
				LD_RUNPATH_SEARCH_PATHS = "$(inherited) @executable_path/Frameworks @loader_path/Frameworks";
				PRODUCT_NAME = "$(TARGET_NAME)";
				TEST_HOST = "$(BUILT_PRODUCTS_DIR)/TipCalculator.app/TipCalculator";
			};
			name = Release;
		};
/* End XCBuildConfiguration section */

/* Begin XCConfigurationList section */
		39D41E7E1B688F9E00034A50 /* Build configuration list for PBXProject "TipCalculator" */ = {
			isa = XCConfigurationList;
			buildConfigurations = (
				39D41EA01B688F9E00034A50 /* Debug */,
				39D41EA11B688F9E00034A50 /* Release */,
			);
			defaultConfigurationIsVisible = 0;
			defaultConfigurationName = Release;
		};
		39D41EA21B688F9E00034A50 /* Build configuration list for PBXNativeTarget "TipCalculator" */ = {
			isa = XCConfigurationList;
			buildConfigurations = (
				39D41EA31B688F9E00034A50 /* Debug */,
				39D41EA41B688F9E00034A50 /* Release */,
			);
			defaultConfigurationIsVisible = 0;
			defaultConfigurationName = Release;
		};
		39D41EA51B688F9E00034A50 /* Build configuration list for PBXNativeTarget "TipCalculatorTests" */ = {
			isa = XCConfigurationList;
			buildConfigurations = (
				39D41EA61B688F9E00034A50 /* Debug */,
				39D41EA71B688F9E00034A50 /* Release */,
			);
			defaultConfigurationIsVisible = 0;
			defaultConfigurationName = Release;
		};
/* End XCConfigurationList section */
	};
	rootObject = 39D41E7B1B688F9E00034A50 /* Project object */;
}
